{
  "name": "yuno-formatting",
  "version": "1.0.4",
  "lockfileVersion": 2,
  "requires": true,
  "packages": {
    "": {
      "name": "yuno-formatting",
      "version": "1.0.4",
      "license": "ISC",
      "dependencies": {
        "postcode": "^5.1.0",
        "validator": "^13.7.0"
      },
      "devDependencies": {
        "typescript": "^4.6.4"
      }
    },
    "node_modules/postcode": {
      "version": "5.1.0",
      "resolved": "https://registry.npmjs.org/postcode/-/postcode-5.1.0.tgz",
      "integrity": "sha512-rjwIdlQ8UvdOnUVZRCZQA54PmQJeoMBDQb4RsW5z3MVp/u7Gcet1vsjVy/p0+YX+R7cmgU9DEJf0zSx5mWqxAA==",
      "engines": {
        "node": ">= 10.0.0"
      }
    },
    "node_modules/typescript": {
      "version": "4.6.4",
      "resolved": "https://registry.npmjs.org/typescript/-/typescript-4.6.4.tgz",
      "integrity": "sha512-9ia/jWHIEbo49HfjrLGfKbZSuWo9iTMwXO+Ca3pRsSpbsMbc7/IU8NKdCZVRRBafVPGnoJeFL76ZOAA84I9fEg==",
      "dev": true,
      "bin": {
        "tsc": "bin/tsc",
        "tsserver": "bin/tsserver"
      },
      "engines": {
        "node": ">=4.2.0"
      }
    },
    "node_modules/validator": {
      "version": "13.7.0",
      "resolved": "https://registry.npmjs.org/validator/-/validator-13.7.0.tgz",
      "integrity": "sha512-nYXQLCBkpJ8X6ltALua9dRrZDHVYxjJ1wgskNt1lH9fzGjs3tgojGSCBjmEPwkWS1y29+DrizMTW19Pr9uB2nw==",
      "engines": {
        "node": ">= 0.10"
      }
    }
  },
  "dependencies": {
    "postcode": {
      "version": "5.1.0",
      "resolved": "https://registry.npmjs.org/postcode/-/postcode-5.1.0.tgz",
      "integrity": "sha512-rjwIdlQ8UvdOnUVZRCZQA54PmQJeoMBDQb4RsW5z3MVp/u7Gcet1vsjVy/p0+YX+R7cmgU9DEJf0zSx5mWqxAA=="
    },
    "typescript": {
      "version": "4.6.4",
      "resolved": "https://registry.npmjs.org/typescript/-/typescript-4.6.4.tgz",
      "integrity": "sha512-9ia/jWHIEbo49HfjrLGfKbZSuWo9iTMwXO+Ca3pRsSpbsMbc7/IU8NKdCZVRRBafVPGnoJeFL76ZOAA84I9fEg==",
      "dev": true
    },
    "validator": {
      "version": "13.7.0",
      "resolved": "https://registry.npmjs.org/validator/-/validator-13.7.0.tgz",
      "integrity": "sha512-nYXQLCBkpJ8X6ltALua9dRrZDHVYxjJ1wgskNt1lH9fzGjs3tgojGSCBjmEPwkWS1y29+DrizMTW19Pr9uB2nw=="
    }
  }
}
