{
  "name": "yuno-formatting",
  "version": "1.0.0",
  "lockfileVersion": 2,
  "requires": true,
  "packages": {
    "": {
      "name": "yuno-formatting",
      "version": "1.0.0",
      "license": "ISC",
      "dependencies": {
        "postcode": "^5.1.0"
      }
    },
    "node_modules/postcode": {
      "version": "5.1.0",
      "resolved": "https://registry.npmjs.org/postcode/-/postcode-5.1.0.tgz",
      "integrity": "sha512-rjwIdlQ8UvdOnUVZRCZQA54PmQJeoMBDQb4RsW5z3MVp/u7Gcet1vsjVy/p0+YX+R7cmgU9DEJf0zSx5mWqxAA==",
      "engines": {
        "node": ">= 10.0.0"
      }
    }
  },
  "dependencies": {
    "postcode": {
      "version": "5.1.0",
      "resolved": "https://registry.npmjs.org/postcode/-/postcode-5.1.0.tgz",
      "integrity": "sha512-rjwIdlQ8UvdOnUVZRCZQA54PmQJeoMBDQb4RsW5z3MVp/u7Gcet1vsjVy/p0+YX+R7cmgU9DEJf0zSx5mWqxAA=="
    }
  }
}
